
Microsoft Visual Studio Solution File, Format Version 12.00
# Visual Studio Version 17
VisualStudioVersion = 17.4.33205.214
MinimumVisualStudioVersion = 10.0.40219.1
Project("{FAE04EC0-301F-11D3-BF4B-00C04F79EFBC}") = "Microproject2", "Microproject2.csproj", "{15619AE9-9122-4EC5-A6F0-C2E1FA8DF1FD}"
EndProject
Global
	GlobalSection(SolutionConfigurationPlatforms) = preSolution
		Debug|Any CPU = Debug|Any CPU
		Release|Any CPU = Release|Any CPU
	EndGlobalSection
	GlobalSection(ProjectConfigurationPlatforms) = postSolution
		{15619AE9-9122-4EC5-A6F0-C2E1FA8DF1FD}.Debug|Any CPU.ActiveCfg = Debug|Any CPU
		{15619AE9-9122-4EC5-A6F0-C2E1FA8DF1FD}.Debug|Any CPU.Build.0 = Debug|Any CPU
		{15619AE9-9122-4EC5-A6F0-C2E1FA8DF1FD}.Release|Any CPU.ActiveCfg = Release|Any CPU
		{15619AE9-9122-4EC5-A6F0-C2E1FA8DF1FD}.Release|Any CPU.Build.0 = Release|Any CPU
	EndGlobalSection
	GlobalSection(SolutionProperties) = preSolution
		HideSolutionNode = FALSE
	EndGlobalSection
	GlobalSection(ExtensibilityGlobals) = postSolution
		SolutionGuid = {DB2652E0-FEBD-46E0-A1F1-ED8BF642749E}
	EndGlobalSection
EndGlobal
